PODS:
  - DZNEmptyDataSet (1.8.1)
  - IQKeyboardManagerSwift (5.0.2)
  - Masonry (1.1.0)
  - MJRefresh (3.1.12)
  - PGDatePicker (1.0.8):
    - PGPickerView
  - PGPickerView (1.1.0)
  - RxCocoa (4.0.0-beta.0):
    - RxSwift (~> 4.0.0-beta.0)
  - RxSwift (4.0.0-beta.0)
  - SLCurveChartLib (1.0.2)
  - SnapKit (4.0.0)
  - Then (2.2.0)
  - YCXMenu (0.0.11)

DEPENDENCIES:
  - DZNEmptyDataSet
  - IQKeyboardManagerSwift
  - Masonry
  - MJRefresh
  - PGDatePicker (~> 1.0.8)
  - RxCocoa (~> 4.0.0-beta.0)
  - RxSwift (~> 4.0.0-beta.0)
  - SLCurveChartLib (~> 1.0.2)
  - SnapKit (~> 4.0.0)
  - Then
  - YCXMenu (~> 0.0.11)

SPEC CHECKSUMS:
  DZNEmptyDataSet: 9525833b9e68ac21c30253e1d3d7076cc828eaa7
  IQKeyboardManagerSwift: e580da046d804d2836ee84668cc17e43a850a35d
  Masonry: 678fab65091a9290e40e2832a55e7ab731aad201
  MJRefresh: b96cdb21c4aa75a7b07654311ab2f315c497e806
  PGDatePicker: 3c5ef08837114fbbb4765b9994c260843719a7af
  PGPickerView: c67149937b3ac0441139a23fbcafe0e095a400a1
  RxCocoa: 8d809675f4e89c5c4c5a6900bbd11fe632ad5d86
  RxSwift: e0899fae37065c16db976cc5e3c957e4e388869c
  SLCurveChartLib: b31d9442b9fc93fa460575159b8429bc73343149
  SnapKit: a42d492c16e80209130a3379f73596c3454b7694
  Then: 823f9813e1d4d0a814a5ba15e9c9d33ec7aca631
  YCXMenu: 6003bcd20d8ac72e3eb3c442c97ed21948c6dc1f

PODFILE CHECKSUM: 1dc49e6d28ae5b822fd2e915c44dbb2db814efa7

COCOAPODS: 1.2.0
